
Microsoft Visual Studio Solution File, Format Version 12.00
# Visual Studio Version 16
VisualStudioVersion = 16.0.29424.173
MinimumVisualStudioVersion = 10.0.40219.1
Project("{FAE04EC0-301F-11D3-BF4B-00C04F79EFBC}") = "SimpleCalculatorUsingBlazor", "SimpleCalculatorUsingBlazor\SimpleCalculatorUsingBlazor.csproj", "{CDF9B3B3-29A1-453C-8137-3EEB0D4B9F8E}"
EndProject
Global
	GlobalSection(SolutionConfigurationPlatforms) = preSolution
		Debug|Any CPU = Debug|Any CPU
		Release|Any CPU = Release|Any CPU
	EndGlobalSection
	GlobalSection(ProjectConfigurationPlatforms) = postSolution
		{CDF9B3B3-29A1-453C-8137-3EEB0D4B9F8E}.Debug|Any CPU.ActiveCfg = Debug|Any CPU
		{CDF9B3B3-29A1-453C-8137-3EEB0D4B9F8E}.Debug|Any CPU.Build.0 = Debug|Any CPU
		{CDF9B3B3-29A1-453C-8137-3EEB0D4B9F8E}.Release|Any CPU.ActiveCfg = Release|Any CPU
		{CDF9B3B3-29A1-453C-8137-3EEB0D4B9F8E}.Release|Any CPU.Build.0 = Release|Any CPU
	EndGlobalSection
	GlobalSection(SolutionProperties) = preSolution
		HideSolutionNode = FALSE
	EndGlobalSection
	GlobalSection(ExtensibilityGlobals) = postSolution
		SolutionGuid = {D14E3CB8-CC98-449D-83CA-C0F04D15BE85}
	EndGlobalSection
EndGlobal
